
Microsoft Visual Studio Solution File, Format Version 12.00
# Visual Studio Version 17
VisualStudioVersion = 17.3.32929.385
MinimumVisualStudioVersion = 10.0.40219.1
Project("{FAE04EC0-301F-11D3-BF4B-00C04F79EFBC}") = "WebApplication2", "WebApplication2\WebApplication2.csproj", "{11C3C2B3-5C21-4F3B-90AC-D85D45A34510}"
EndProject
Global
	GlobalSection(SolutionConfigurationPlatforms) = preSolution
		Debug|Any CPU = Debug|Any CPU
		Release|Any CPU = Release|Any CPU
	EndGlobalSection
	GlobalSection(ProjectConfigurationPlatforms) = postSolution
		{11C3C2B3-5C21-4F3B-90AC-D85D45A34510}.Debug|Any CPU.ActiveCfg = Debug|Any CPU
		{11C3C2B3-5C21-4F3B-90AC-D85D45A34510}.Debug|Any CPU.Build.0 = Debug|Any CPU
		{11C3C2B3-5C21-4F3B-90AC-D85D45A34510}.Release|Any CPU.ActiveCfg = Release|Any CPU
		{11C3C2B3-5C21-4F3B-90AC-D85D45A34510}.Release|Any CPU.Build.0 = Release|Any CPU
	EndGlobalSection
	GlobalSection(SolutionProperties) = preSolution
		HideSolutionNode = FALSE
	EndGlobalSection
	GlobalSection(ExtensibilityGlobals) = postSolution
		SolutionGuid = {B61B56EC-0C8F-48FC-8F9C-BC58946666D3}
	EndGlobalSection
EndGlobal
